
Microsoft Visual Studio Solution File, Format Version 12.00
# Visual Studio Version 16
VisualStudioVersion = 16.0.29920.165
MinimumVisualStudioVersion = 10.0.40219.1
Project("{FAE04EC0-301F-11D3-BF4B-00C04F79EFBC}") = "LabRab7", "LabRab7.csproj", "{9542E865-DCF6-43E5-AD5A-DE1013B7BC59}"
EndProject
Global
	GlobalSection(SolutionConfigurationPlatforms) = preSolution
		Debug|Any CPU = Debug|Any CPU
		Release|Any CPU = Release|Any CPU
	EndGlobalSection
	GlobalSection(ProjectConfigurationPlatforms) = postSolution
		{9542E865-DCF6-43E5-AD5A-DE1013B7BC59}.Debug|Any CPU.ActiveCfg = Debug|Any CPU
		{9542E865-DCF6-43E5-AD5A-DE1013B7BC59}.Debug|Any CPU.Build.0 = Debug|Any CPU
		{9542E865-DCF6-43E5-AD5A-DE1013B7BC59}.Release|Any CPU.ActiveCfg = Release|Any CPU
		{9542E865-DCF6-43E5-AD5A-DE1013B7BC59}.Release|Any CPU.Build.0 = Release|Any CPU
	EndGlobalSection
	GlobalSection(SolutionProperties) = preSolution
		HideSolutionNode = FALSE
	EndGlobalSection
	GlobalSection(ExtensibilityGlobals) = postSolution
		SolutionGuid = {852251B6-07AD-4750-B102-EE7624C69383}
	EndGlobalSection
EndGlobal
